
Microsoft Visual Studio Solution File, Format Version 12.00
# Visual Studio Version 17
VisualStudioVersion = 17.3.32929.385
MinimumVisualStudioVersion = 10.0.40219.1
Project("{FAE04EC0-301F-11D3-BF4B-00C04F79EFBC}") = "Fixation04", "Fixation04.csproj", "{E92BF2F3-72D7-4493-BD4C-3500A4298E7B}"
EndProject
Global
	GlobalSection(SolutionConfigurationPlatforms) = preSolution
		Debug|Any CPU = Debug|Any CPU
		Release|Any CPU = Release|Any CPU
	EndGlobalSection
	GlobalSection(ProjectConfigurationPlatforms) = postSolution
		{E92BF2F3-72D7-4493-BD4C-3500A4298E7B}.Debug|Any CPU.ActiveCfg = Debug|Any CPU
		{E92BF2F3-72D7-4493-BD4C-3500A4298E7B}.Debug|Any CPU.Build.0 = Debug|Any CPU
		{E92BF2F3-72D7-4493-BD4C-3500A4298E7B}.Release|Any CPU.ActiveCfg = Release|Any CPU
		{E92BF2F3-72D7-4493-BD4C-3500A4298E7B}.Release|Any CPU.Build.0 = Release|Any CPU
	EndGlobalSection
	GlobalSection(SolutionProperties) = preSolution
		HideSolutionNode = FALSE
	EndGlobalSection
	GlobalSection(ExtensibilityGlobals) = postSolution
		SolutionGuid = {37B957CC-9041-41FE-986D-2E8D716B8D8C}
	EndGlobalSection
EndGlobal
