
Microsoft Visual Studio Solution File, Format Version 12.00
# Visual Studio Version 17
VisualStudioVersion = 17.3.32929.385
MinimumVisualStudioVersion = 10.0.40219.1
Project("{FAE04EC0-301F-11D3-BF4B-00C04F79EFBC}") = "Exercise04", "Exercise04.csproj", "{151EDE34-0DA2-4D18-93A7-0AEE1C3F2404}"
EndProject
Global
	GlobalSection(SolutionConfigurationPlatforms) = preSolution
		Debug|Any CPU = Debug|Any CPU
		Release|Any CPU = Release|Any CPU
	EndGlobalSection
	GlobalSection(ProjectConfigurationPlatforms) = postSolution
		{151EDE34-0DA2-4D18-93A7-0AEE1C3F2404}.Debug|Any CPU.ActiveCfg = Debug|Any CPU
		{151EDE34-0DA2-4D18-93A7-0AEE1C3F2404}.Debug|Any CPU.Build.0 = Debug|Any CPU
		{151EDE34-0DA2-4D18-93A7-0AEE1C3F2404}.Release|Any CPU.ActiveCfg = Release|Any CPU
		{151EDE34-0DA2-4D18-93A7-0AEE1C3F2404}.Release|Any CPU.Build.0 = Release|Any CPU
	EndGlobalSection
	GlobalSection(SolutionProperties) = preSolution
		HideSolutionNode = FALSE
	EndGlobalSection
	GlobalSection(ExtensibilityGlobals) = postSolution
		SolutionGuid = {2DC82717-37B0-453F-9A32-7D2B842B510C}
	EndGlobalSection
EndGlobal
